
Microsoft Visual Studio Solution File, Format Version 12.00
# Visual Studio Version 17
VisualStudioVersion = 17.6.33815.320
MinimumVisualStudioVersion = 10.0.40219.1
Project("{FAE04EC0-301F-11D3-BF4B-00C04F79EFBC}") = "ManualLaboratory", "ManualLaboratory\ManualLaboratory.csproj", "{73A4800E-B2B2-4EE0-96CC-2B6FED32EA26}"
EndProject
Global
	GlobalSection(SolutionConfigurationPlatforms) = preSolution
		Debug|Any CPU = Debug|Any CPU
		Release|Any CPU = Release|Any CPU
	EndGlobalSection
	GlobalSection(ProjectConfigurationPlatforms) = postSolution
		{73A4800E-B2B2-4EE0-96CC-2B6FED32EA26}.Debug|Any CPU.ActiveCfg = Debug|Any CPU
		{73A4800E-B2B2-4EE0-96CC-2B6FED32EA26}.Debug|Any CPU.Build.0 = Debug|Any CPU
		{73A4800E-B2B2-4EE0-96CC-2B6FED32EA26}.Release|Any CPU.ActiveCfg = Release|Any CPU
		{73A4800E-B2B2-4EE0-96CC-2B6FED32EA26}.Release|Any CPU.Build.0 = Release|Any CPU
	EndGlobalSection
	GlobalSection(SolutionProperties) = preSolution
		HideSolutionNode = FALSE
	EndGlobalSection
	GlobalSection(ExtensibilityGlobals) = postSolution
		SolutionGuid = {44E3DEDA-E798-4B03-8CDB-F33822C7E9AC}
	EndGlobalSection
EndGlobal
